#MicroXplorer Configuration settings - do not modify
#Thu Oct 23 13:57:26 CEST 2014
File.Version=1
KeepUserPlacement=false
Mcu.Family=STM32F1
Mcu.IP0=ADC1
Mcu.IP1=TIM1
Mcu.IP2=TIM2
Mcu.IP3=USART2
Mcu.IPNb=4
Mcu.Name=STM32F103V(8-B)Tx
Mcu.Package=LQFP100
Mcu.Pin0=PC1
Mcu.Pin1=PC2
Mcu.Pin10=PE13
Mcu.Pin11=PD5
Mcu.Pin12=PD6
Mcu.Pin2=PC3
Mcu.Pin3=PA0-WKUP
Mcu.Pin4=PA1
Mcu.Pin5=PE8
Mcu.Pin6=PE9
Mcu.Pin7=PE10
Mcu.Pin8=PE11
Mcu.Pin9=PE12
Mcu.PinsNb=13
Mcu.UserName=STM32F103VBTx
MxCube.Version=4.5.0
PA0-WKUP.Mode=Encoder-Interface
PA0-WKUP.Signal=TIM2_CH1_ETR
PA1.Mode=Encoder-Interface
PA1.Signal=TIM2_CH2
PC1.Mode=IN11
PC1.Signal=ADC1_IN11
PC2.Mode=IN12
PC2.Signal=ADC1_IN12
PC3.Mode=IN13
PC3.Signal=ADC1_IN13
PD5.Locked=true
PD5.Mode=Asynchronous
PD5.Signal=USART2_TX
PD6.Locked=true
PD6.Mode=Asynchronous
PD6.Signal=USART2_RX
PE10.Locked=true
PE10.Mode=6-Step-PWM-Generation
PE10.Signal=TIM1_CH2N
PE11.Mode=6-Step-PWM-Generation
PE11.Signal=TIM1_CH2
PE12.Mode=6-Step-PWM-Generation
PE12.Signal=TIM1_CH3N
PE13.Mode=6-Step-PWM-Generation
PE13.Signal=TIM1_CH3
PE8.Mode=6-Step-PWM-Generation
PE8.Signal=TIM1_CH1N
PE9.Mode=6-Step-PWM-Generation
PE9.Signal=TIM1_CH1
