#MicroXplorer Configuration settings - do not modify
#Mon Nov 24 15:30:39 CET 2014
ADC2.AWD1WatchdogNumber-WatchDog=ADC_ANALOGWATCHDOG_1
ADC2.Channel-0\#ChannelRegularConversion=ADC_CHANNEL_7
ADC2.Channel-IN7=ADC_CHANNEL_7
ADC2.Channel-IN7-Single-Ended=ADC_CHANNEL_7
ADC2.ClockPrescaler=ADC_CLOCK_ASYNC
ADC2.DiscontinuousConvMode=DISABLE
ADC2.IPParameters=ClockPrescaler,Mode-ADCs_Common_Settings,Channel-IN7,Rank-0\#ChannelRegularConversion,DiscontinuousConvMode,SamplingTime-0\#ChannelRegularConversion,Channel-IN7-Single-Ended,OffsetNumber-0\#ChannelRegularConversion,Offset-0\#ChannelRegularConversion,Channel-0\#ChannelRegularConversion,NbrOfConversionFlag,AWD1WatchdogNumber-WatchDog
ADC2.Mode-ADCs_Common_Settings=__NULL
ADC2.NbrOfConversionFlag=1
ADC2.Offset-0\#ChannelRegularConversion=0
ADC2.OffsetNumber-0\#ChannelRegularConversion=ADC_OFFSET_NONE
ADC2.Rank-0\#ChannelRegularConversion=1
ADC2.SamplingTime-0\#ChannelRegularConversion=ADC_SAMPLETIME_1CYCLE_5
ADC3.AWD1WatchdogNumber-WatchDog=ADC_ANALOGWATCHDOG_1
ADC3.Channel=ADC_CHANNEL_8
ADC3.Channel-0\#ChannelRegularConversion=ADC_CHANNEL_7
ADC3.Channel-1\#ChannelRegularConversion=ADC_CHANNEL_8
ADC3.Channel-2\#ChannelRegularConversion=ADC_CHANNEL_9
ADC3.Channel-IN7=ADC_CHANNEL_7
ADC3.Channel-IN7-Single-Ended=ADC_CHANNEL_7
ADC3.Channel-IN8=ADC_CHANNEL_8
ADC3.Channel-IN8-Single-Ended=ADC_CHANNEL_8
ADC3.Channel-IN9=ADC_CHANNEL_9
ADC3.Channel-IN9-Single-Ended=ADC_CHANNEL_9
ADC3.ClockPrescaler=ADC_CLOCKPRESCALER_PCLK_DIV1
ADC3.ContinuousConvMode=ENABLE
ADC3.EOCSelection=EOC_SEQ_CONV
ADC3.EnableInjectedConversion=DISABLE
ADC3.ExternalTrigConv=ADC_EXTERNALTRIGCONV_T8_TRGO
ADC3.ExternalTrigConvEdge=ADC_EXTERNALTRIGCONVEDGE_RISING
ADC3.IPParameters=ExternalTrigConv,ClockPrescaler,Channel-1\#ChannelRegularConversion,SamplingTime-2\#ChannelRegularConversion,Mode-ADCs_Common_Settings,OffsetNumber-1\#ChannelRegularConversion,Channel-IN9,Channel-IN7,Rank-0\#ChannelRegularConversion,SamplingTime-1\#ChannelRegularConversion,Channel-IN8,EnableInjectedConversion,Channel-IN7-Single-Ended,Overrun,NbrOfConversion,SamplingTime-0\#ChannelRegularConversion,OffsetNumber-0\#ChannelRegularConversion,Offset-1\#ChannelRegularConversion,OffsetNumber-2\#ChannelRegularConversion,Channel,Offset-0\#ChannelRegularConversion,Channel-0\#ChannelRegularConversion,Rank-1\#ChannelRegularConversion,Rank-2\#ChannelRegularConversion,Channel-IN9-Single-Ended,Channel-2\#ChannelRegularConversion,Channel-IN8-Single-Ended,ExternalTrigConvEdge,EOCSelection,master,Offset-2\#ChannelRegularConversion,ContinuousConvMode,NbrOfConversionFlag,AWD1WatchdogNumber-WatchDog
ADC3.Mode-ADCs_Common_Settings=__NULL
ADC3.NbrOfConversion=3
ADC3.NbrOfConversionFlag=1
ADC3.Offset-0\#ChannelRegularConversion=0
ADC3.Offset-1\#ChannelRegularConversion=0
ADC3.Offset-2\#ChannelRegularConversion=0
ADC3.OffsetNumber-0\#ChannelRegularConversion=ADC_OFFSET_NONE
ADC3.OffsetNumber-1\#ChannelRegularConversion=ADC_OFFSET_NONE
ADC3.OffsetNumber-2\#ChannelRegularConversion=ADC_OFFSET_NONE
ADC3.Overrun=OVR_DATA_PRESERVED
ADC3.Rank-0\#ChannelRegularConversion=1
ADC3.Rank-1\#ChannelRegularConversion=2
ADC3.Rank-2\#ChannelRegularConversion=3
ADC3.SamplingTime-0\#ChannelRegularConversion=ADC_SAMPLETIME_7CYCLES_5
ADC3.SamplingTime-1\#ChannelRegularConversion=ADC_SAMPLETIME_7CYCLES_5
ADC3.SamplingTime-2\#ChannelRegularConversion=ADC_SAMPLETIME_7CYCLES_5
ADC3.master=1
Dma.ADC3.0.Direction=DMA_PERIPH_TO_MEMORY
Dma.ADC3.0.Instance=DMA2_Channel5
Dma.ADC3.0.MemDataAlignment=DMA_MDATAALIGN_HALFWORD
Dma.ADC3.0.MemInc=DMA_MINC_ENABLE
Dma.ADC3.0.Mode=DMA_CIRCULAR
Dma.ADC3.0.PeriphDataAlignment=DMA_PDATAALIGN_HALFWORD
Dma.ADC3.0.PeriphInc=DMA_PINC_DISABLE
Dma.ADC3.0.Priority=DMA_PRIORITY_HIGH
Dma.ADC3.0.RequestParameters=Instance,Direction,PeriphInc,MemInc,PeriphDataAlignment,MemDataAlignment,Mode,Priority
Dma.Request0=ADC3
Dma.RequestsNb=1
File.Version=4
KeepUserPlacement=false
Mcu.Family=STM32F3
Mcu.IP0=ADC2
Mcu.IP1=ADC3
Mcu.IP2=DMA
Mcu.IP3=NVIC
Mcu.IP4=RCC
Mcu.IP5=TIM4
Mcu.IP6=TIM8
Mcu.IP7=USART1
Mcu.IPNb=8
Mcu.Name=STM32F303V(B-C)Tx
Mcu.Package=LQFP100
Mcu.Pin0=PF0-OSC_IN
Mcu.Pin1=PF1-OSC_OUT
Mcu.Pin10=PC8
Mcu.Pin11=PC10
Mcu.Pin12=PC11
Mcu.Pin13=PC12
Mcu.Pin14=PD0
Mcu.Pin15=PB6
Mcu.Pin16=PE1
Mcu.Pin2=PC1
Mcu.Pin3=PC4
Mcu.Pin4=PD10
Mcu.Pin5=PD11
Mcu.Pin6=PD12
Mcu.Pin7=PD13
Mcu.Pin8=PC6
Mcu.Pin9=PC7
Mcu.PinsNb=17
Mcu.UserName=STM32F303VCTx
NVIC.EXTI0_IRQn=true\:0\:0
NVIC.PriorityGroup=NVIC_PRIORITYGROUP_0
NVIC.SysTick_IRQn=true\:0\:0
NVIC.USART1_IRQn=true\:0\:1
PB6.Locked=true
PB6.Signal=S_TIM4_CH1
PC1.Locked=true
PC1.Mode=IN7-Single-Ended
PC1.Signal=ADC2_IN7
PC10.Locked=true
PC10.Mode=PWM Generation1 CH1 CH1N
PC10.Signal=TIM8_CH1N
PC11.Mode=PWM Generation2 CH2 CH2N
PC11.Signal=TIM8_CH2N
PC12.Locked=true
PC12.Mode=PWM Generation3 CH3 CH3N
PC12.Signal=TIM8_CH3N
PC4.Mode=Asynchronous
PC4.Signal=USART1_TX
PC6.Signal=S_TIM8_CH1
PC7.Signal=S_TIM8_CH2
PC8.Signal=S_TIM8_CH3
PCC.Family=STM32F3
PCC.MCU=STM32F303V(B-C)Tx
PCC.MXVersion=4.4.0
PCC.PartNumber=STM32F303VCTx
PCC.Seq0=0
PCC.SubFamily=STM32F303
PCC.Temperature=25
PCC.Vdd=3.6
PD0.Locked=true
PD0.Signal=GPXTI0
PD10.Mode=IN7-Single-Ended
PD10.Signal=ADC3_IN7
PD11.Mode=IN8-Single-Ended
PD11.Signal=ADC3_IN8
PD12.Mode=IN9-Single-Ended
PD12.Signal=ADC3_IN9
PD13.Signal=S_TIM4_CH2
PE1.Locked=true
PE1.Mode=Asynchronous
PE1.Signal=USART1_RX
PF0-OSC_IN.Locked=true
PF0-OSC_IN.Mode=HSE-External-Oscillator
PF0-OSC_IN.Signal=RCC_OSC_IN
PF1-OSC_OUT.Locked=true
PF1-OSC_OUT.Mode=HSE-External-Oscillator
PF1-OSC_OUT.Signal=RCC_OSC_OUT
ProjectManager.AskForMigrate=true
ProjectManager.BackupPrevious=false
ProjectManager.CompilerOptimize=2
ProjectManager.ComputerToolchain=false
ProjectManager.CoupleFile=false
ProjectManager.DeletePrevious=true
ProjectManager.DeviceId=STM32F303VCTx
ProjectManager.FirmwarePackage=STM32Cube FW_F3 V1.0.0
ProjectManager.FreePins=false
ProjectManager.HalAssertFull=false
ProjectManager.KeepUserCode=true
ProjectManager.LastFirmware=true
ProjectManager.LibraryCopy=0
ProjectManager.ProjectBuild=false
ProjectManager.ProjectFileName=STM32303C_EVAL_CN4_FOC.ioc
ProjectManager.ProjectName=STM32303C_EVAL_CN4_FOC
ProjectManager.TargetToolchain=MDK-ARM 4.73
RCC.ADC12outputFreq_Value=72000000
RCC.ADC1Enable-ClockTree=false
RCC.ADC2Enable-ClockTree=true
RCC.ADC34outputFreq_Value=72000000
RCC.ADC3Enable-ClockTree=false
RCC.ADC4Enable-ClockTree=false
RCC.AHBFreq_Value=72000000
RCC.APB1CLKDivider=RCC_HCLK_DIV2
RCC.APB1Freq_Value=36000000
RCC.APB1TimFreq_Value=72000000
RCC.APB2Freq_Value=72000000
RCC.APB2TimFreq_Value=72000000
RCC.ClockTypePCLK1-ClockTree=RCC_CLOCKTYPE_PCLK1
RCC.CortexFreq_Value=9000000
RCC.EnableHSE-ClockTree=true
RCC.EnableHSERTCDevisor-ClockTree=false
RCC.EnableHSIRTCDevisor-ClockTree=false
RCC.EnableLSE-ClockTree=false
RCC.EnableLSERTC-ClockTree=false
RCC.EnableMCOMultDivisor-ClockTree=false
RCC.FCLKCortexFreq_Value=72000000
RCC.FLITFCLKFEnable-ClockTree=false
RCC.FLatency-AdvancedSettings=FLASH_LATENCY_2
RCC.FamilyName=M
RCC.HCLKFreq_Value=72000000
RCC.HRTIMEnable-ClockTree=false
RCC.HSEPLLFreq_Value=8000000
RCC.HSEState-ClockTree=RCC_HSE_ON
RCC.HSE_VALUE=8000000
RCC.HSIPLLFreq_Value=4000000
RCC.HSIState=RCC_HSI_ON
RCC.HSIState-ClockTree=RCC_HSI_ON
RCC.HSI_VALUE=8000000
RCC.I2C1Enable-ClockTree=false
RCC.I2C1Freq_Value=8000000
RCC.I2C2Enable-ClockTree=false
RCC.I2C2Freq_Value=8000000
RCC.I2C3Enable-ClockTree=false
RCC.I2SClocksFreq_Value=72000000
RCC.I2SEnable-ClockTree=false
RCC.IPParameters=EnableHSIRTCDevisor-ClockTree,HCLKFreq_Value,OscillatorTypeHSE-ClockTree,SYSCLKFreq_VALUE,RTCEnable-ClockTree,UART4Freq_Value,RCC_PERIPHCLK_TIM8Var-ClockTree,EnableLSE-ClockTree,I2C2Enable-ClockTree,I2SClocksFreq_Value,FamilyName,PLLCLKFreq_Value,UART5Freq_Value,RTCHSEDivFreq_Value,USBEnable-ClockTree,SYSCLKSourceVirtual,USBFreq_Value,TIM1Freq_Value,LSE_VALUE,RTCFreq_Value,PLLMCOFreq_Value,I2C2Freq_Value,I2SEnable-ClockTree,IWDGEnable-ClockTree,TIM8Freq_Value,USART3Enable-ClockTree,Tim17Enable-ClockTree,Tim1Enable-ClockTree,CortexFreq_Value,FCLKCortexFreq_Value,APB1CLKDivider,UART4Enable-ClockTree,I2C3Enable-ClockTree,ADC34outputFreq_Value,ClockTypePCLK1-ClockTree,PLLSourceVirtual,APB2Freq_Value,FLatency-AdvancedSettings,ADC3Enable-ClockTree,TIM2Freq_Value,APB2TimFreq_Value,HSE_VALUE,PLLMUL,HSEPLLFreq_Value,OscillatorTypeHSE,EnableLSERTC-ClockTree,UART5Enable-ClockTree,OscillatorTypeHSI,ADC1Enable-ClockTree,USART2Enable-ClockTree,MCOFreq_Value,VCOOutput2Freq_Value,HSI_VALUE,Tim8Enable-ClockTree,USART2Freq_Value,MCOEnable-ClockTree,HSIState,OscillatorTypeHSI-ClockTree,EnableMCOMultDivisor-ClockTree,I2C1Enable-ClockTree,HSIState-ClockTree,LSIState-ClockTree,ADC4Enable-ClockTree,HRTIMEnable-ClockTree,Tim15Enable-ClockTree,Tim16Enable-ClockTree,PLLState-ClockTree,USART1Freq_Value,APB1TimFreq_Value,RCC_PERIPHCLK_USART1Var-ClockTree,ADC12outputFreq_Value,APB1Freq_Value,HSIPLLFreq_Value,FLITFCLKFEnable-ClockTree,I2C1Freq_Value,HSEState-ClockTree,USART1Enable-ClockTree,AHBFreq_Value,LSI_VALUE,EnableHSE-ClockTree,ADC2Enable-ClockTree,OscillatorTypeLSI-ClockTree,EnableHSERTCDevisor-ClockTree,USART3Freq_Value
RCC.IWDGEnable-ClockTree=false
RCC.LSE_VALUE=32768
RCC.LSIState-ClockTree=RCC_LSI_OFF
RCC.LSI_VALUE=40000
RCC.MCOEnable-ClockTree=false
RCC.MCOFreq_Value=72000000
RCC.OscillatorTypeHSE=
RCC.OscillatorTypeHSE-ClockTree=
RCC.OscillatorTypeHSI=RCC_OSCILLATORTYPE_HSI
RCC.OscillatorTypeHSI-ClockTree=RCC_OSCILLATORTYPE_HSI
RCC.OscillatorTypeLSI-ClockTree=
RCC.PLLCLKFreq_Value=72000000
RCC.PLLMCOFreq_Value=36000000
RCC.PLLMUL=RCC_PLL_MUL9
RCC.PLLSourceVirtual=RCC_PLLSOURCE_HSE
RCC.PLLState-ClockTree=RCC_PLL_ON
RCC.RCC_PERIPHCLK_TIM8Var-ClockTree=RCC_PERIPHCLK_TIM8
RCC.RCC_PERIPHCLK_USART1Var-ClockTree=RCC_PERIPHCLK_USART1
RCC.RTCEnable-ClockTree=false
RCC.RTCFreq_Value=40000
RCC.RTCHSEDivFreq_Value=250000
RCC.SYSCLKFreq_VALUE=72000000
RCC.SYSCLKSourceVirtual=RCC_SYSCLKSOURCE_PLLCLK
RCC.TIM1Freq_Value=72000000
RCC.TIM2Freq_Value=72000000
RCC.TIM8Freq_Value=72000000
RCC.Tim15Enable-ClockTree=false
RCC.Tim16Enable-ClockTree=false
RCC.Tim17Enable-ClockTree=false
RCC.Tim1Enable-ClockTree=false
RCC.Tim8Enable-ClockTree=true
RCC.UART4Enable-ClockTree=false
RCC.UART4Freq_Value=36000000
RCC.UART5Enable-ClockTree=false
RCC.UART5Freq_Value=36000000
RCC.USART1Enable-ClockTree=true
RCC.USART1Freq_Value=72000000
RCC.USART2Enable-ClockTree=false
RCC.USART2Freq_Value=36000000
RCC.USART3Enable-ClockTree=false
RCC.USART3Freq_Value=36000000
RCC.USBEnable-ClockTree=false
RCC.USBFreq_Value=72000000
RCC.VCOOutput2Freq_Value=8000000
SH.GPXTI0.0=GPIO_EXTI0
SH.GPXTI0.ConfNb=1
SH.S_TIM4_CH1.0=TIM4_CH1,Encoder_Interface
SH.S_TIM4_CH1.ConfNb=1
SH.S_TIM4_CH2.0=TIM4_CH2,Encoder_Interface
SH.S_TIM4_CH2.ConfNb=1
SH.S_TIM8_CH1.0=TIM8_CH1,PWM Generation1 CH1 CH1N
SH.S_TIM8_CH1.ConfNb=1
SH.S_TIM8_CH2.0=TIM8_CH2,PWM Generation2 CH2 CH2N
SH.S_TIM8_CH2.ConfNb=1
SH.S_TIM8_CH3.0=TIM8_CH3,PWM Generation3 CH3 CH3N
SH.S_TIM8_CH3.ConfNb=1
TIM4.EncoderMode=TIM_ENCODERMODE_TI12
TIM4.IC1Selection-Encoder_Interface=TIM_ICSELECTION_DIRECTTI
TIM4.IC2Selection-Encoder_Interface=TIM_ICSELECTION_DIRECTTI
TIM4.IPParameters=EncoderMode,IC1Selection-Encoder_Interface,Period,IC2Selection-Encoder_Interface
TIM4.Period=799
TIM8.AutomaticOutput=TIM_AUTOMATICOUTPUT_ENABLE
TIM8.Channel-PWM\ Generation1\ CH1\ CH1N=TIM_CHANNEL_1
TIM8.Channel-PWM\ Generation2\ CH2\ CH2N=TIM_CHANNEL_2
TIM8.Channel-PWM\ Generation3\ CH3\ CH3N=TIM_CHANNEL_3
TIM8.ClearChannel1-PWM\ Generation1\ CH1\ CH1N=
TIM8.ClearChannel1-PWM\ Generation2\ CH2\ CH2N=
TIM8.ClearChannel1-PWM\ Generation3\ CH3\ CH3N=
TIM8.CounterMode=TIM_COUNTERMODE_CENTERALIGNED2
TIM8.DeadTime=5
TIM8.IPParameters=Channel-PWM Generation1 CH1 CH1N,OffStateIDLEMode,TIM_MasterSlaveMode,OCNPolarity_1-PWM Generation1 CH1 CH1N,Period,Channel-PWM Generation3 CH3 CH3N,DeadTime,ClearChannel1-PWM Generation1 CH1 CH1N,ClearChannel1-PWM Generation2 CH2 CH2N,OCIdleState_1-PWM Generation1 CH1 CH1N,Prescaler,Channel-PWM Generation2 CH2 CH2N,OffStateRunMode,TIM_MasterOutputTrigger2,AutomaticOutput,OCNPolarity_3-PWM Generation3 CH3 CH3N,TIM_MasterOutputTrigger,OCNPolarity_2-PWM Generation2 CH2 CH2N,OCMode_PWM-PWM Generation1 CH1 CH1N,OCPolarity_2-PWM Generation2 CH2 CH2N,OCPolarity_3-PWM Generation3 CH3 CH3N,OCIdleState_3-PWM Generation3 CH3 CH3N,ClearChannel1-PWM Generation3 CH3 CH3N,OCIdleState_2-PWM Generation2 CH2 CH2N,OCMode_PWM-PWM Generation3 CH3 CH3N,OCMode_PWM-PWM Generation2 CH2 CH2N,OCPolarity_1-PWM Generation1 CH1 CH1N,CounterMode
TIM8.OCIdleState_1-PWM\ Generation1\ CH1\ CH1N=TIM_OCIDLESTATE_SET
TIM8.OCIdleState_2-PWM\ Generation2\ CH2\ CH2N=TIM_OCIDLESTATE_SET
TIM8.OCIdleState_3-PWM\ Generation3\ CH3\ CH3N=TIM_OCIDLESTATE_SET
TIM8.OCMode_PWM-PWM\ Generation1\ CH1\ CH1N=TIM_OCMODE_PWM2
TIM8.OCMode_PWM-PWM\ Generation2\ CH2\ CH2N=TIM_OCMODE_PWM2
TIM8.OCMode_PWM-PWM\ Generation3\ CH3\ CH3N=TIM_OCMODE_PWM2
TIM8.OCNPolarity_1-PWM\ Generation1\ CH1\ CH1N=TIM_OCNPOLARITY_LOW
TIM8.OCNPolarity_2-PWM\ Generation2\ CH2\ CH2N=TIM_OCNPOLARITY_LOW
TIM8.OCNPolarity_3-PWM\ Generation3\ CH3\ CH3N=TIM_OCNPOLARITY_LOW
TIM8.OCPolarity_1-PWM\ Generation1\ CH1\ CH1N=TIM_OCPOLARITY_LOW
TIM8.OCPolarity_2-PWM\ Generation2\ CH2\ CH2N=TIM_OCPOLARITY_LOW
TIM8.OCPolarity_3-PWM\ Generation3\ CH3\ CH3N=TIM_OCPOLARITY_LOW
TIM8.OffStateIDLEMode=TIM_OSSI_ENABLE
TIM8.OffStateRunMode=TIM_OSSR_ENABLE
TIM8.Period=900
TIM8.Prescaler=1
TIM8.TIM_MasterOutputTrigger=TIM_TRGO_UPDATE
TIM8.TIM_MasterOutputTrigger2=TIM_TRGO2_RESET
TIM8.TIM_MasterSlaveMode=TIM_MASTERSLAVEMODE_ENABLE
USART1.AutoBaudRateEnableParam-Asynchronous=UART_ADVFEATURE_AUTOBAUDRATE_DISABLE
USART1.BaudRate=115200
USART1.HwFlowCtl-Asynchronous=UART_HWCONTROL_NONE
USART1.IPParameters=VirtualMode-Asynchronous,BaudRate,AutoBaudRateEnableParam-Asynchronous,HwFlowCtl-Asynchronous
USART1.VirtualMode-Asynchronous=VM_ASYNC
